{
  "name": "ferramenta-v8",
  "version": "1.0.0",
  "lockfileVersion": 3,
  "requires": true,
  "packages": {
    "": {
      "name": "ferramenta-v8",
      "version": "1.0.0",
      "license": "ISC",
      "dependencies": {
        "docxtemplater": "^3.47.2"
      }
    },
    "node_modules/@xmldom/xmldom": {
      "version": "0.8.10",
      "resolved": "https://registry.npmjs.org/@xmldom/xmldom/-/xmldom-0.8.10.tgz",
      "integrity": "sha512-2WALfTl4xo2SkGCYRt6rDTFfk9R1czmBvUQy12gK2KuRKIpWEhcbbzy8EZXtz/jkRqHX8bFEc6FC1HjX4TUWYw==",
      "engines": {
        "node": ">=10.0.0"
      }
    },
    "node_modules/docxtemplater": {
      "version": "3.47.2",
      "resolved": "https://registry.npmjs.org/docxtemplater/-/docxtemplater-3.47.2.tgz",
      "integrity": "sha512-1v6qQPRYzLGxYhABBZzMIMtOAqu2SgGPdfz+lvAFijuVAF/HEoMTrdZ+CdG+pgxOvI0qPa6AD54kN+alUrW/dA==",
      "dependencies": {
        "@xmldom/xmldom": "^0.8.10"
      },
      "engines": {
        "node": ">=0.10"
      }
    }
  }
}
